PODS:
  - AFNetworking (2.5.3):
    - AFNetworking/NSURLConnection (= 2.5.3)
    - AFNetworking/NSURLSession (= 2.5.3)
    - AFNetworking/Reachability (= 2.5.3)
    - AFNetworking/Security (= 2.5.3)
    - AFNetworking/Serialization (= 2.5.3)
    - AFNetworking/UIKit (= 2.5.3)
  - AFNetworking/NSURLConnection (2.5.3):
    - AFNetworking/Reachability
    - AFNetworking/Security
    - AFNetworking/Serialization
  - AFNetworking/NSURLSession (2.5.3):
    - AFNetworking/Reachability
    - AFNetworking/Security
    - AFNetworking/Serialization
  - AFNetworking/Reachability (2.5.3)
  - AFNetworking/Security (2.5.3)
  - AFNetworking/Serialization (2.5.3)
  - AFNetworking/UIKit (2.5.3):
    - AFNetworking/NSURLConnection
    - AFNetworking/NSURLSession
  - Alamofire (1.2.1)
  - BlocksKit (2.2.5):
    - BlocksKit/All (= 2.2.5)
  - BlocksKit/All (2.2.5):
    - BlocksKit/Core
    - BlocksKit/DynamicDelegate
    - BlocksKit/MessageUI
    - BlocksKit/UIKit
  - BlocksKit/Core (2.2.5)
  - BlocksKit/DynamicDelegate (2.2.5)
  - BlocksKit/MessageUI (2.2.5):
    - BlocksKit/Core
    - BlocksKit/DynamicDelegate
  - BlocksKit/UIKit (2.2.5):
    - BlocksKit/Core
    - BlocksKit/DynamicDelegate
  - FLAnimatedImage (1.0.8)
  - ObjectMapper (0.11)
  - pop (1.0.7)
  - ReactiveCocoa (2.5):
    - ReactiveCocoa/UI (= 2.5)
  - ReactiveCocoa/Core (2.5):
    - ReactiveCocoa/no-arc
  - ReactiveCocoa/no-arc (2.5)
  - ReactiveCocoa/UI (2.5):
    - ReactiveCocoa/Core
  - ReactiveViewModel (0.3):
    - ReactiveCocoa (~> 2.4)
  - SlackTextViewController (1.5):
    - SlackTextViewController/Additions (= 1.5)
  - SlackTextViewController/Additions (1.5)
  - SloppySwiper (0.4.0)
  - SVProgressHUD (1.1.3)
  - SVPullToRefresh (0.4.1)
  - SVWebViewController (1.0)
  - SWTableViewCell (0.3.7)
  - Toast (2.4)
  - TTTAttributedLabel (1.13.3)
  - UIBarButtonItem-Badge (0.0.1)

DEPENDENCIES:
  - AFNetworking
  - Alamofire
  - BlocksKit
  - FLAnimatedImage
  - ObjectMapper (~> 0.11)
  - pop
  - ReactiveCocoa
  - ReactiveViewModel
  - SlackTextViewController
  - SloppySwiper
  - SVProgressHUD
  - SVPullToRefresh
  - SVWebViewController
  - SWTableViewCell (~> 0.3.7)
  - Toast
  - TTTAttributedLabel
  - UIBarButtonItem-Badge (from `https://github.com/mikeMTOL/UIBarButtonItem-Badge`)

EXTERNAL SOURCES:
  UIBarButtonItem-Badge:
    :git: https://github.com/mikeMTOL/UIBarButtonItem-Badge

CHECKOUT OPTIONS:
  UIBarButtonItem-Badge:
    :commit: 7a556e360ce0c63d18177e8b77e104ce3e05a5a1
    :git: https://github.com/mikeMTOL/UIBarButtonItem-Badge

SPEC CHECKSUMS:
  AFNetworking: e1d86c2a96bb5d2e7408da36149806706ee122fe
  Alamofire: 1acfdf179aff68b41a48dff70c1ac7fa263e2bcb
  BlocksKit: 7f422b971407001178d181a43b99014ea2591fe6
  FLAnimatedImage: f9422f796135aff80d8c00b2afc48015bb746e24
  ObjectMapper: fc34b29bb04086ed831174a01c8310b507a6ba25
  pop: 628ffc631644601567ee8bfaaaea493ebd7d0923
  ReactiveCocoa: e2db045570aa97c695e7aa97c2bcab222ae51f4a
  ReactiveViewModel: 58918dcbcec2d3151195ab1ed9163c57a8163999
  SlackTextViewController: 4a1797ac2f3616dbd37435fc62da655e61399cdd
  SloppySwiper: 5325a412ecd80eefa171f5544b07539a891b1c32
  SVProgressHUD: 748080e4f36e603f6c02aec292664239df5279c1
  SVPullToRefresh: ba2e718695a43253d8bea6852d2960097dc15d8c
  SVWebViewController: c36dda7326e81fcae0abf5d02bf7bbf7e41be901
  SWTableViewCell: 2a94aadc9d47b2b611fa064566bf57948b95b579
  Toast: 0773b8fc0e97352ca6054517bec7ebdd4110029d
  TTTAttributedLabel: 6f3174aef8e738f44dff97c2eb7d8184f6ab6277
  UIBarButtonItem-Badge: 8f5ed4d32d32dbb03034d4f273d02c8da680236b

COCOAPODS: 0.37.0
