PODS:
  - Alamofire (1.3.1)
  - BlocksKit (2.2.5):
    - BlocksKit/All (= 2.2.5)
  - BlocksKit/All (2.2.5):
    - BlocksKit/Core
    - BlocksKit/DynamicDelegate
    - BlocksKit/MessageUI
    - BlocksKit/UIKit
  - BlocksKit/Core (2.2.5)
  - BlocksKit/DynamicDelegate (2.2.5)
  - BlocksKit/MessageUI (2.2.5):
    - BlocksKit/Core
    - BlocksKit/DynamicDelegate
  - BlocksKit/UIKit (2.2.5):
    - BlocksKit/Core
    - BlocksKit/DynamicDelegate
  - Bond (3.10.0)
  - CSNNotificationObserver (0.9.2)
  - ObjectMapper (0.12)
  - PonyDebugger (0.4.5):
    - SocketRocket
  - SlackTextViewController (1.5.2)
  - SloppySwiper (0.4.1)
  - SnapKit (0.12.0)
  - SocketRocket (0.4.2)
  - SVProgressHUD (1.1.3)
  - SVPullToRefresh (0.4.1)
  - SVWebViewController (1.0)
  - Toast (2.4)
  - TTTAttributedLabel (1.13.4)
  - UIBarButtonItem-Badge (0.0.1)

DEPENDENCIES:
  - Alamofire
  - BlocksKit
  - Bond (from `https://github.com/ushisantoasobu/Bond`, branch `master`)
  - CSNNotificationObserver
  - ObjectMapper (~> 0.11)
  - PonyDebugger (~> 0.4.0)
  - SlackTextViewController
  - SloppySwiper
  - SnapKit (= 0.12.0)
  - SVProgressHUD
  - SVPullToRefresh
  - SVWebViewController
  - Toast
  - TTTAttributedLabel
  - UIBarButtonItem-Badge (from `https://github.com/mikeMTOL/UIBarButtonItem-Badge`)

EXTERNAL SOURCES:
  Bond:
    :branch: master
    :git: https://github.com/ushisantoasobu/Bond
  UIBarButtonItem-Badge:
    :git: https://github.com/mikeMTOL/UIBarButtonItem-Badge

CHECKOUT OPTIONS:
  Bond:
    :commit: d8022b507a78cde067218bcb7dffde9391832db7
    :git: https://github.com/ushisantoasobu/Bond
  UIBarButtonItem-Badge:
    :commit: 7a556e360ce0c63d18177e8b77e104ce3e05a5a1
    :git: https://github.com/mikeMTOL/UIBarButtonItem-Badge

SPEC CHECKSUMS:
  Alamofire: e4ab637e3195b645c814b87a652373439e59f2a4
  BlocksKit: 7f422b971407001178d181a43b99014ea2591fe6
  Bond: 7602787035e1009d7e770e372e4a215ab3ba9ec7
  CSNNotificationObserver: bf3a8781aba027abb16c2f5a63f1a7b1de044d49
  ObjectMapper: ef4a369cbab75546029ceb7e8155772b5f8e8841
  PonyDebugger: 1c60f7c876bdb6a8b6bf0f0269087f8a234fafa7
  SlackTextViewController: ab240cda4c7fe1f70f6c6cf64578f3fea495ce99
  SloppySwiper: 9518b65478d92b8ea9ffd283c1ce3e5d123bf3a9
  SnapKit: 00c388aa3bf1944c1b55472f31e841f75bd83882
  SocketRocket: ffe08119b00ef982f6c37052a4705a057c8494ad
  SVProgressHUD: 748080e4f36e603f6c02aec292664239df5279c1
  SVPullToRefresh: ba2e718695a43253d8bea6852d2960097dc15d8c
  SVWebViewController: c36dda7326e81fcae0abf5d02bf7bbf7e41be901
  Toast: 0773b8fc0e97352ca6054517bec7ebdd4110029d
  TTTAttributedLabel: 0a2ac7b2dd726d32a070dafb01446026b11e624f
  UIBarButtonItem-Badge: 8f5ed4d32d32dbb03034d4f273d02c8da680236b

COCOAPODS: 0.38.2
