// !$*UTF8*$!
{
	archiveVersion = 1;
	classes = {
	};
	objectVersion = 46;
	objects = {

/* Begin PBXBuildFile section */
		6D6B1328365FCB6158066126 /* Pods.framework in Frameworks */ = {isa = PBXBuildFile; fileRef = C28EAAE0FA2F5509307D7AB9 /* Pods.framework */; settings = {ATTRIBUTES = (Weak, ); }; };
		CD04CDCB1AF3E06A004EB645 /* Colors.swift in Sources */ = {isa = PBXBuildFile; fileRef = CD04CDCA1AF3E06A004EB645 /* Colors.swift */; };
		CD173C321B217A6700CE1C9D /* Notification.swift in Sources */ = {isa = PBXBuildFile; fileRef = CD173C311B217A6700CE1C9D /* Notification.swift */; };
		CD3CDD351B3E6436006F9DC4 /* Values.swift in Sources */ = {isa = PBXBuildFile; fileRef = CD3CDD341B3E6436006F9DC4 /* Values.swift */; };
		CD41C06B1B22F7C2003419D5 /* Fabric.framework in Frameworks */ = {isa = PBXBuildFile; fileRef = CD41C0691B22F7C2003419D5 /* Fabric.framework */; };
		CD41C06C1B22F7C2003419D5 /* Crashlytics.framework in Frameworks */ = {isa = PBXBuildFile; fileRef = CD41C06A1B22F7C2003419D5 /* Crashlytics.framework */; };
		CD4473711AF47ABC0032651E /* AskIdeaView.swift in Sources */ = {isa = PBXBuildFile; fileRef = CD4473701AF47ABC0032651E /* AskIdeaView.swift */; };
		CD4473731AF47AE30032651E /* AskIdeaView.xib in Resources */ = {isa = PBXBuildFile; fileRef = CD4473721AF47AE30032651E /* AskIdeaView.xib */; };
		CD4473761AF47C1B0032651E /* ask_ikyusan.png in Resources */ = {isa = PBXBuildFile; fileRef = CD4473751AF47C1B0032651E /* ask_ikyusan.png */; };
		CD4473791AF49B8A0032651E /* IdeaTableViewCell.swift in Sources */ = {isa = PBXBuildFile; fileRef = CD4473771AF49B8A0032651E /* IdeaTableViewCell.swift */; };
		CD44737A1AF49B8A0032651E /* IdeaTableViewCell.xib in Resources */ = {isa = PBXBuildFile; fileRef = CD4473781AF49B8A0032651E /* IdeaTableViewCell.xib */; };
		CD44737D1AF5309E0032651E /* AccountEditViewController.swift in Sources */ = {isa = PBXBuildFile; fileRef = CD44737B1AF5309E0032651E /* AccountEditViewController.swift */; };
		CD44737E1AF5309E0032651E /* AccountEditViewController.xib in Resources */ = {isa = PBXBuildFile; fileRef = CD44737C1AF5309E0032651E /* AccountEditViewController.xib */; };
		CD44F9181AF107DC00054661 /* Realm.framework in Frameworks */ = {isa = PBXBuildFile; fileRef = CD44F9171AF107DC00054661 /* Realm.framework */; };
		CD44F91A1AF1081100054661 /* libc++.dylib in Frameworks */ = {isa = PBXBuildFile; fileRef = CD44F9191AF1081100054661 /* libc++.dylib */; };
		CD44F91C1AF1082A00054661 /* RLMSupport.swift in Sources */ = {isa = PBXBuildFile; fileRef = CD44F91B1AF1082A00054661 /* RLMSupport.swift */; };
		CD4811971B3E5808000D9912 /* ToastHelper.swift in Sources */ = {isa = PBXBuildFile; fileRef = CD4811961B3E5808000D9912 /* ToastHelper.swift */; };
		CD4C98791AF5D011009EC691 /* ApiHelper.swift in Sources */ = {isa = PBXBuildFile; fileRef = CD4C98781AF5D011009EC691 /* ApiHelper.swift */; };
		CD4C987B1AF5D47A009EC691 /* AccountHelper.swift in Sources */ = {isa = PBXBuildFile; fileRef = CD4C987A1AF5D47A009EC691 /* AccountHelper.swift */; };
		CD4C987D1AF5D5C1009EC691 /* Group.swift in Sources */ = {isa = PBXBuildFile; fileRef = CD4C987C1AF5D5C1009EC691 /* Group.swift */; };
		CD4C987F1AF5E069009EC691 /* Member.swift in Sources */ = {isa = PBXBuildFile; fileRef = CD4C987E1AF5E069009EC691 /* Member.swift */; };
		CD4C98821AF5E14D009EC691 /* Idea.swift in Sources */ = {isa = PBXBuildFile; fileRef = CD4C98811AF5E14D009EC691 /* Idea.swift */; };
		CD4C98841AF5E236009EC691 /* Like.swift in Sources */ = {isa = PBXBuildFile; fileRef = CD4C98831AF5E236009EC691 /* Like.swift */; };
		CD4C98861AF5E2D8009EC691 /* Profile.swift in Sources */ = {isa = PBXBuildFile; fileRef = CD4C98851AF5E2D8009EC691 /* Profile.swift */; };
		CD4C98881AF5E48A009EC691 /* Topic.swift in Sources */ = {isa = PBXBuildFile; fileRef = CD4C98871AF5E48A009EC691 /* Topic.swift */; };
		CD4C988A1AF5E54C009EC691 /* User.swift in Sources */ = {isa = PBXBuildFile; fileRef = CD4C98891AF5E54C009EC691 /* User.swift */; };
		CD4C988E1AF619A1009EC691 /* Globals.swift in Sources */ = {isa = PBXBuildFile; fileRef = CD4C988D1AF619A1009EC691 /* Globals.swift */; };
		CD4C98901AF6805D009EC691 /* UIViewExtension.swift in Sources */ = {isa = PBXBuildFile; fileRef = CD4C988F1AF6805D009EC691 /* UIViewExtension.swift */; };
		CD4C98931AF70D0D009EC691 /* GroupCreateViewController.swift in Sources */ = {isa = PBXBuildFile; fileRef = CD4C98911AF70D0D009EC691 /* GroupCreateViewController.swift */; };
		CD4C98941AF70D0D009EC691 /* GroupCreateViewController.xib in Resources */ = {isa = PBXBuildFile; fileRef = CD4C98921AF70D0D009EC691 /* GroupCreateViewController.xib */; };
		CD4C98971AF710E8009EC691 /* TextInputTableViewCell.swift in Sources */ = {isa = PBXBuildFile; fileRef = CD4C98951AF710E8009EC691 /* TextInputTableViewCell.swift */; };
		CD4C98981AF710E8009EC691 /* TextInputTableViewCell.xib in Resources */ = {isa = PBXBuildFile; fileRef = CD4C98961AF710E8009EC691 /* TextInputTableViewCell.xib */; };
		CD4C989B1AF711E8009EC691 /* InviteTableViewCell.swift in Sources */ = {isa = PBXBuildFile; fileRef = CD4C98991AF711E8009EC691 /* InviteTableViewCell.swift */; };
		CD4C989C1AF711E8009EC691 /* InviteTableViewCell.xib in Resources */ = {isa = PBXBuildFile; fileRef = CD4C989A1AF711E8009EC691 /* InviteTableViewCell.xib */; };
		CD5028A71AF0792300D78FE5 /* AppDelegate.swift in Sources */ = {isa = PBXBuildFile; fileRef = CD5028A61AF0792300D78FE5 /* AppDelegate.swift */; };
		CD5028A91AF0792300D78FE5 /* ViewController.swift in Sources */ = {isa = PBXBuildFile; fileRef = CD5028A81AF0792300D78FE5 /* ViewController.swift */; };
		CD5028AC1AF0792300D78FE5 /* Main.storyboard in Resources */ = {isa = PBXBuildFile; fileRef = CD5028AA1AF0792300D78FE5 /* Main.storyboard */; };
		CD5028AE1AF0792300D78FE5 /* Images.xcassets in Resources */ = {isa = PBXBuildFile; fileRef = CD5028AD1AF0792300D78FE5 /* Images.xcassets */; };
		CD5028B11AF0792300D78FE5 /* LaunchScreen.xib in Resources */ = {isa = PBXBuildFile; fileRef = CD5028AF1AF0792300D78FE5 /* LaunchScreen.xib */; };
		CD5028BD1AF0792300D78FE5 /* IkyusanTests.swift in Sources */ = {isa = PBXBuildFile; fileRef = CD5028BC1AF0792300D78FE5 /* IkyusanTests.swift */; };
		CD7447831AF77F5A008BFBE2 /* StringExtension.swift in Sources */ = {isa = PBXBuildFile; fileRef = CD7447821AF77F5A008BFBE2 /* StringExtension.swift */; };
		CDAA02E01AF7534100B1E3EC /* LikeHelper.swift in Sources */ = {isa = PBXBuildFile; fileRef = CDAA02DF1AF7534100B1E3EC /* LikeHelper.swift */; };
		CDB8476E1AF08BD9002EA72B /* TopicListViewController.swift in Sources */ = {isa = PBXBuildFile; fileRef = CDB8476C1AF08BD9002EA72B /* TopicListViewController.swift */; };
		CDB8476F1AF08BD9002EA72B /* TopicListViewController.xib in Resources */ = {isa = PBXBuildFile; fileRef = CDB8476D1AF08BD9002EA72B /* TopicListViewController.xib */; };
		CDB847721AF08C18002EA72B /* TopicEditViewController.swift in Sources */ = {isa = PBXBuildFile; fileRef = CDB847701AF08C18002EA72B /* TopicEditViewController.swift */; };
		CDB847731AF08C18002EA72B /* TopicEditViewController.xib in Resources */ = {isa = PBXBuildFile; fileRef = CDB847711AF08C18002EA72B /* TopicEditViewController.xib */; };
		CDB847761AF08C45002EA72B /* IdeaListViewController.swift in Sources */ = {isa = PBXBuildFile; fileRef = CDB847741AF08C45002EA72B /* IdeaListViewController.swift */; };
		CDB847771AF08C45002EA72B /* IdeaListViewController.xib in Resources */ = {isa = PBXBuildFile; fileRef = CDB847751AF08C45002EA72B /* IdeaListViewController.xib */; };
		CDB8477F1AF0B0D2002EA72B /* GroupListViewController.swift in Sources */ = {isa = PBXBuildFile; fileRef = CDB8477D1AF0B0D2002EA72B /* GroupListViewController.swift */; };
		CDB847801AF0B0D2002EA72B /* GroupListViewController.xib in Resources */ = {isa = PBXBuildFile; fileRef = CDB8477E1AF0B0D2002EA72B /* GroupListViewController.xib */; };
		CDB847821AF0C8FC002EA72B /* UITableViewExtension.swift in Sources */ = {isa = PBXBuildFile; fileRef = CDB847811AF0C8FC002EA72B /* UITableViewExtension.swift */; };
		CDB847851AF0C9D7002EA72B /* Strings.swift in Sources */ = {isa = PBXBuildFile; fileRef = CDB847841AF0C9D7002EA72B /* Strings.swift */; };
		CDB895211AFE103700526103 /* UIBarButtonItemExtension.swift in Sources */ = {isa = PBXBuildFile; fileRef = CDB895201AFE103700526103 /* UIBarButtonItemExtension.swift */; };
		CDBAB21D1B25DE4600535DD2 /* GroupTableViewCell.swift in Sources */ = {isa = PBXBuildFile; fileRef = CDBAB21C1B25DE4600535DD2 /* GroupTableViewCell.swift */; };
		CDBAB21F1B25DFBB00535DD2 /* TopicTableViewCell.swift in Sources */ = {isa = PBXBuildFile; fileRef = CDBAB21E1B25DFBB00535DD2 /* TopicTableViewCell.swift */; };
		CDC6E92C1AF3E9950037D999 /* LikeListViewController.swift in Sources */ = {isa = PBXBuildFile; fileRef = CDC6E92A1AF3E9950037D999 /* LikeListViewController.swift */; };
		CDC6E92D1AF3E9950037D999 /* LikeListViewController.xib in Resources */ = {isa = PBXBuildFile; fileRef = CDC6E92B1AF3E9950037D999 /* LikeListViewController.xib */; };
		CDC6E9301AF3EEA50037D999 /* GroupEditViewController.swift in Sources */ = {isa = PBXBuildFile; fileRef = CDC6E92E1AF3EEA50037D999 /* GroupEditViewController.swift */; };
		CDC6E9311AF3EEA50037D999 /* GroupEditViewController.xib in Resources */ = {isa = PBXBuildFile; fileRef = CDC6E92F1AF3EEA50037D999 /* GroupEditViewController.xib */; };
		CDC6E9331AF470D10037D999 /* BaseViewController.swift in Sources */ = {isa = PBXBuildFile; fileRef = CDC6E9321AF470D10037D999 /* BaseViewController.swift */; };
		CDD541DA1AFDF8EF0076AECB /* ControllerTests.swift in Sources */ = {isa = PBXBuildFile; fileRef = CDD541D91AFDF8EF0076AECB /* ControllerTests.swift */; };
		CDD541DF1AFDFC2A0076AECB /* BaseViewController.swift in Sources */ = {isa = PBXBuildFile; fileRef = CDC6E9321AF470D10037D999 /* BaseViewController.swift */; };
		CDD541E01AFDFC3D0076AECB /* Strings.swift in Sources */ = {isa = PBXBuildFile; fileRef = CDB847841AF0C9D7002EA72B /* Strings.swift */; };
		CDD541E11AFDFC3F0076AECB /* Colors.swift in Sources */ = {isa = PBXBuildFile; fileRef = CD04CDCA1AF3E06A004EB645 /* Colors.swift */; };
		CDD541E21AFDFDD00076AECB /* StringExtension.swift in Sources */ = {isa = PBXBuildFile; fileRef = CD7447821AF77F5A008BFBE2 /* StringExtension.swift */; };
		CDD541E31AFDFDD30076AECB /* UIViewExtension.swift in Sources */ = {isa = PBXBuildFile; fileRef = CD4C988F1AF6805D009EC691 /* UIViewExtension.swift */; };
		CDD541E41AFDFDD50076AECB /* UITableViewExtension.swift in Sources */ = {isa = PBXBuildFile; fileRef = CDB847811AF0C8FC002EA72B /* UITableViewExtension.swift */; };
		CDD541E51AFDFDE60076AECB /* Globals.swift in Sources */ = {isa = PBXBuildFile; fileRef = CD4C988D1AF619A1009EC691 /* Globals.swift */; };
		CDD541E71AFE04370076AECB /* Pods.framework in Frameworks */ = {isa = PBXBuildFile; fileRef = CDD541E61AFE04370076AECB /* Pods.framework */; };
		CDD541EA1AFE08FE0076AECB /* NotificationTableViewCell.swift in Sources */ = {isa = PBXBuildFile; fileRef = CDD541E81AFE08FE0076AECB /* NotificationTableViewCell.swift */; };
		CDD541EB1AFE08FE0076AECB /* NotificationTableViewCell.swift in Sources */ = {isa = PBXBuildFile; fileRef = CDD541E81AFE08FE0076AECB /* NotificationTableViewCell.swift */; };
		CDD541EC1AFE08FE0076AECB /* NotificationTableViewCell.xib in Resources */ = {isa = PBXBuildFile; fileRef = CDD541E91AFE08FE0076AECB /* NotificationTableViewCell.xib */; };
		CDD541ED1AFE08FE0076AECB /* NotificationTableViewCell.xib in Resources */ = {isa = PBXBuildFile; fileRef = CDD541E91AFE08FE0076AECB /* NotificationTableViewCell.xib */; };
		CDD541F01AFE0A620076AECB /* NotificationListViewController.swift in Sources */ = {isa = PBXBuildFile; fileRef = CDD541EE1AFE0A620076AECB /* NotificationListViewController.swift */; };
		CDD541F21AFE0A620076AECB /* NotificationListViewController.xib in Resources */ = {isa = PBXBuildFile; fileRef = CDD541EF1AFE0A620076AECB /* NotificationListViewController.xib */; };
		CDD541F31AFE0A620076AECB /* NotificationListViewController.xib in Resources */ = {isa = PBXBuildFile; fileRef = CDD541EF1AFE0A620076AECB /* NotificationListViewController.xib */; };
		CDD6A75A1B4EDC2700266761 /* GroupColorListView.swift in Sources */ = {isa = PBXBuildFile; fileRef = CDD6A7591B4EDC2700266761 /* GroupColorListView.swift */; };
		CDD6A75C1B4EDC3E00266761 /* GroupColorListView.xib in Resources */ = {isa = PBXBuildFile; fileRef = CDD6A75B1B4EDC3E00266761 /* GroupColorListView.xib */; };
/* End PBXBuildFile section */

/* Begin PBXContainerItemProxy section */
		CD5028B71AF0792300D78FE5 /* PBXContainerItemProxy */ = {
			isa = PBXContainerItemProxy;
			containerPortal = CD5028991AF0792200D78FE5 /* Project object */;
			proxyType = 1;
			remoteGlobalIDString = CD5028A01AF0792200D78FE5;
			remoteInfo = Ikyusan;
		};
/* End PBXContainerItemProxy section */

/* Begin PBXFileReference section */
		3F069925D5E9C1E28E0AF888 /* Pods.release.xcconfig */ = {isa = PBXFileReference; includeInIndex = 1; lastKnownFileType = text.xcconfig; name = Pods.release.xcconfig; path = "Pods/Target Support Files/Pods/Pods.release.xcconfig"; sourceTree = "<group>"; };
		C28EAAE0FA2F5509307D7AB9 /* Pods.framework */ = {isa = PBXFileReference; explicitFileType = wrapper.framework; includeInIndex = 0; path = Pods.framework; sourceTree = BUILT_PRODUCTS_DIR; };
		CD04CDCA1AF3E06A004EB645 /* Colors.swift */ = {isa = PBXFileReference; fileEncoding = 4; lastKnownFileType = sourcecode.swift; name = Colors.swift; path = constants/Colors.swift; sourceTree = "<group>"; };
		CD173C311B217A6700CE1C9D /* Notification.swift */ = {isa = PBXFileReference; fileEncoding = 4; lastKnownFileType = sourcecode.swift; name = Notification.swift; path = models/Notification.swift; sourceTree = "<group>"; };
		CD3CDD341B3E6436006F9DC4 /* Values.swift */ = {isa = PBXFileReference; fileEncoding = 4; lastKnownFileType = sourcecode.swift; name = Values.swift; path = constants/Values.swift; sourceTree = "<group>"; };
		CD41C0691B22F7C2003419D5 /* Fabric.framework */ = {isa = PBXFileReference; lastKnownFileType = wrapper.framework; path = Fabric.framework; sourceTree = "<group>"; };
		CD41C06A1B22F7C2003419D5 /* Crashlytics.framework */ = {isa = PBXFileReference; lastKnownFileType = wrapper.framework; path = Crashlytics.framework; sourceTree = "<group>"; };
		CD4473701AF47ABC0032651E /* AskIdeaView.swift */ = {isa = PBXFileReference; fileEncoding = 4; lastKnownFileType = sourcecode.swift; name = AskIdeaView.swift; path = views/AskIdeaView.swift; sourceTree = "<group>"; };
		CD4473721AF47AE30032651E /* AskIdeaView.xib */ = {isa = PBXFileReference; fileEncoding = 4; lastKnownFileType = file.xib; name = AskIdeaView.xib; path = views/AskIdeaView.xib; sourceTree = "<group>"; };
		CD4473751AF47C1B0032651E /* ask_ikyusan.png */ = {isa = PBXFileReference; lastKnownFileType = image.png; path = ask_ikyusan.png; sourceTree = "<group>"; };
		CD4473771AF49B8A0032651E /* IdeaTableViewCell.swift */ = {isa = PBXFileReference; fileEncoding = 4; lastKnownFileType = sourcecode.swift; name = IdeaTableViewCell.swift; path = views/IdeaTableViewCell.swift; sourceTree = "<group>"; };
		CD4473781AF49B8A0032651E /* IdeaTableViewCell.xib */ = {isa = PBXFileReference; fileEncoding = 4; lastKnownFileType = file.xib; name = IdeaTableViewCell.xib; path = views/IdeaTableViewCell.xib; sourceTree = "<group>"; };
		CD44737B1AF5309E0032651E /* AccountEditViewController.swift */ = {isa = PBXFileReference; fileEncoding = 4; lastKnownFileType = sourcecode.swift; name = AccountEditViewController.swift; path = controllers/AccountEditViewController.swift; sourceTree = "<group>"; };
		CD44737C1AF5309E0032651E /* AccountEditViewController.xib */ = {isa = PBXFileReference; fileEncoding = 4; lastKnownFileType = file.xib; name = AccountEditViewController.xib; path = controllers/AccountEditViewController.xib; sourceTree = "<group>"; };
		CD44F9171AF107DC00054661 /* Realm.framework */ = {isa = PBXFileReference; lastKnownFileType = wrapper.framework; path = Realm.framework; sourceTree = "<group>"; };
		CD44F9191AF1081100054661 /* libc++.dylib */ = {isa = PBXFileReference; lastKnownFileType = "compiled.mach-o.dylib"; name = "libc++.dylib"; path = "usr/lib/libc++.dylib"; sourceTree = SDKROOT; };
		CD44F91B1AF1082A00054661 /* RLMSupport.swift */ = {isa = PBXFileReference; fileEncoding = 4; lastKnownFileType = sourcecode.swift; path = RLMSupport.swift; sourceTree = "<group>"; };
		CD4811961B3E5808000D9912 /* ToastHelper.swift */ = {isa = PBXFileReference; fileEncoding = 4; lastKnownFileType = sourcecode.swift; name = ToastHelper.swift; path = helpers/ToastHelper.swift; sourceTree = "<group>"; };
		CD4C98781AF5D011009EC691 /* ApiHelper.swift */ = {isa = PBXFileReference; fileEncoding = 4; lastKnownFileType = sourcecode.swift; name = ApiHelper.swift; path = helpers/ApiHelper.swift; sourceTree = "<group>"; };
		CD4C987A1AF5D47A009EC691 /* AccountHelper.swift */ = {isa = PBXFileReference; fileEncoding = 4; lastKnownFileType = sourcecode.swift; name = AccountHelper.swift; path = helpers/AccountHelper.swift; sourceTree = "<group>"; };
		CD4C987C1AF5D5C1009EC691 /* Group.swift */ = {isa = PBXFileReference; fileEncoding = 4; lastKnownFileType = sourcecode.swift; name = Group.swift; path = models/Group.swift; sourceTree = "<group>"; };
		CD4C987E1AF5E069009EC691 /* Member.swift */ = {isa = PBXFileReference; fileEncoding = 4; lastKnownFileType = sourcecode.swift; name = Member.swift; path = models/Member.swift; sourceTree = "<group>"; };
		CD4C98811AF5E14D009EC691 /* Idea.swift */ = {isa = PBXFileReference; fileEncoding = 4; lastKnownFileType = sourcecode.swift; name = Idea.swift; path = models/Idea.swift; sourceTree = "<group>"; };
		CD4C98831AF5E236009EC691 /* Like.swift */ = {isa = PBXFileReference; fileEncoding = 4; lastKnownFileType = sourcecode.swift; name = Like.swift; path = models/Like.swift; sourceTree = "<group>"; };
		CD4C98851AF5E2D8009EC691 /* Profile.swift */ = {isa = PBXFileReference; fileEncoding = 4; lastKnownFileType = sourcecode.swift; name = Profile.swift; path = models/Profile.swift; sourceTree = "<group>"; };
		CD4C98871AF5E48A009EC691 /* Topic.swift */ = {isa = PBXFileReference; fileEncoding = 4; lastKnownFileType = sourcecode.swift; name = Topic.swift; path = models/Topic.swift; sourceTree = "<group>"; };
		CD4C98891AF5E54C009EC691 /* User.swift */ = {isa = PBXFileReference; fileEncoding = 4; lastKnownFileType = sourcecode.swift; name = User.swift; path = models/User.swift; sourceTree = "<group>"; };
		CD4C988D1AF619A1009EC691 /* Globals.swift */ = {isa = PBXFileReference; fileEncoding = 4; lastKnownFileType = sourcecode.swift; path = Globals.swift; sourceTree = "<group>"; };
		CD4C988F1AF6805D009EC691 /* UIViewExtension.swift */ = {isa = PBXFileReference; fileEncoding = 4; lastKnownFileType = sourcecode.swift; name = UIViewExtension.swift; path = extensions/UIViewExtension.swift; sourceTree = "<group>"; };
		CD4C98911AF70D0D009EC691 /* GroupCreateViewController.swift */ = {isa = PBXFileReference; fileEncoding = 4; lastKnownFileType = sourcecode.swift; name = GroupCreateViewController.swift; path = controllers/GroupCreateViewController.swift; sourceTree = "<group>"; };
		CD4C98921AF70D0D009EC691 /* GroupCreateViewController.xib */ = {isa = PBXFileReference; fileEncoding = 4; lastKnownFileType = file.xib; name = GroupCreateViewController.xib; path = controllers/GroupCreateViewController.xib; sourceTree = "<group>"; };
		CD4C98951AF710E8009EC691 /* TextInputTableViewCell.swift */ = {isa = PBXFileReference; fileEncoding = 4; lastKnownFileType = sourcecode.swift; name = TextInputTableViewCell.swift; path = views/TextInputTableViewCell.swift; sourceTree = "<group>"; };
		CD4C98961AF710E8009EC691 /* TextInputTableViewCell.xib */ = {isa = PBXFileReference; fileEncoding = 4; lastKnownFileType = file.xib; name = TextInputTableViewCell.xib; path = views/TextInputTableViewCell.xib; sourceTree = "<group>"; };
		CD4C98991AF711E8009EC691 /* InviteTableViewCell.swift */ = {isa = PBXFileReference; fileEncoding = 4; lastKnownFileType = sourcecode.swift; name = InviteTableViewCell.swift; path = views/InviteTableViewCell.swift; sourceTree = "<group>"; };
		CD4C989A1AF711E8009EC691 /* InviteTableViewCell.xib */ = {isa = PBXFileReference; fileEncoding = 4; lastKnownFileType = file.xib; name = InviteTableViewCell.xib; path = views/InviteTableViewCell.xib; sourceTree = "<group>"; };
		CD5028A11AF0792300D78FE5 /* Ikyusan.app */ = {isa = PBXFileReference; explicitFileType = wrapper.application; includeInIndex = 0; path = Ikyusan.app; sourceTree = BUILT_PRODUCTS_DIR; };
		CD5028A51AF0792300D78FE5 /* Info.plist */ = {isa = PBXFileReference; lastKnownFileType = text.plist.xml; path = Info.plist; sourceTree = "<group>"; };
		CD5028A61AF0792300D78FE5 /* AppDelegate.swift */ = {isa = PBXFileReference; lastKnownFileType = sourcecode.swift; path = AppDelegate.swift; sourceTree = "<group>"; };
		CD5028A81AF0792300D78FE5 /* ViewController.swift */ = {isa = PBXFileReference; lastKnownFileType = sourcecode.swift; path = ViewController.swift; sourceTree = "<group>"; };
		CD5028AB1AF0792300D78FE5 /* Base */ = {isa = PBXFileReference; lastKnownFileType = file.storyboard; name = Base; path = Base.lproj/Main.storyboard; sourceTree = "<group>"; };
		CD5028AD1AF0792300D78FE5 /* Images.xcassets */ = {isa = PBXFileReference; lastKnownFileType = folder.assetcatalog; path = Images.xcassets; sourceTree = "<group>"; };
		CD5028B01AF0792300D78FE5 /* Base */ = {isa = PBXFileReference; lastKnownFileType = file.xib; name = Base; path = Base.lproj/LaunchScreen.xib; sourceTree = "<group>"; };
		CD5028B61AF0792300D78FE5 /* IkyusanTests.xctest */ = {isa = PBXFileReference; explicitFileType = wrapper.cfbundle; includeInIndex = 0; path = IkyusanTests.xctest; sourceTree = BUILT_PRODUCTS_DIR; };
		CD5028BB1AF0792300D78FE5 /* Info.plist */ = {isa = PBXFileReference; lastKnownFileType = text.plist.xml; path = Info.plist; sourceTree = "<group>"; };
		CD5028BC1AF0792300D78FE5 /* IkyusanTests.swift */ = {isa = PBXFileReference; lastKnownFileType = sourcecode.swift; path = IkyusanTests.swift; sourceTree = "<group>"; };
		CD7447821AF77F5A008BFBE2 /* StringExtension.swift */ = {isa = PBXFileReference; fileEncoding = 4; lastKnownFileType = sourcecode.swift; name = StringExtension.swift; path = extensions/StringExtension.swift; sourceTree = "<group>"; };
		CDAA02DF1AF7534100B1E3EC /* LikeHelper.swift */ = {isa = PBXFileReference; fileEncoding = 4; lastKnownFileType = sourcecode.swift; name = LikeHelper.swift; path = helpers/LikeHelper.swift; sourceTree = "<group>"; };
		CDB847631AF08718002EA72B /* Ikyusan-Bridging-Header.h */ = {isa = PBXFileReference; lastKnownFileType = sourcecode.c.h; path = "Ikyusan-Bridging-Header.h"; sourceTree = "<group>"; };
		CDB8476C1AF08BD9002EA72B /* TopicListViewController.swift */ = {isa = PBXFileReference; fileEncoding = 4; lastKnownFileType = sourcecode.swift; name = TopicListViewController.swift; path = controllers/TopicListViewController.swift; sourceTree = "<group>"; };
		CDB8476D1AF08BD9002EA72B /* TopicListViewController.xib */ = {isa = PBXFileReference; fileEncoding = 4; lastKnownFileType = file.xib; name = TopicListViewController.xib; path = controllers/TopicListViewController.xib; sourceTree = "<group>"; };
		CDB847701AF08C18002EA72B /* TopicEditViewController.swift */ = {isa = PBXFileReference; fileEncoding = 4; lastKnownFileType = sourcecode.swift; name = TopicEditViewController.swift; path = controllers/TopicEditViewController.swift; sourceTree = "<group>"; };
		CDB847711AF08C18002EA72B /* TopicEditViewController.xib */ = {isa = PBXFileReference; fileEncoding = 4; lastKnownFileType = file.xib; name = TopicEditViewController.xib; path = controllers/TopicEditViewController.xib; sourceTree = "<group>"; };
		CDB847741AF08C45002EA72B /* IdeaListViewController.swift */ = {isa = PBXFileReference; fileEncoding = 4; lastKnownFileType = sourcecode.swift; name = IdeaListViewController.swift; path = controllers/IdeaListViewController.swift; sourceTree = "<group>"; };
		CDB847751AF08C45002EA72B /* IdeaListViewController.xib */ = {isa = PBXFileReference; fileEncoding = 4; lastKnownFileType = file.xib; name = IdeaListViewController.xib; path = controllers/IdeaListViewController.xib; sourceTree = "<group>"; };
		CDB8477D1AF0B0D2002EA72B /* GroupListViewController.swift */ = {isa = PBXFileReference; fileEncoding = 4; lastKnownFileType = sourcecode.swift; name = GroupListViewController.swift; path = controllers/GroupListViewController.swift; sourceTree = "<group>"; };
		CDB8477E1AF0B0D2002EA72B /* GroupListViewController.xib */ = {isa = PBXFileReference; fileEncoding = 4; lastKnownFileType = file.xib; name = GroupListViewController.xib; path = controllers/GroupListViewController.xib; sourceTree = "<group>"; };
		CDB847811AF0C8FC002EA72B /* UITableViewExtension.swift */ = {isa = PBXFileReference; fileEncoding = 4; lastKnownFileType = sourcecode.swift; name = UITableViewExtension.swift; path = extensions/UITableViewExtension.swift; sourceTree = "<group>"; };
		CDB847841AF0C9D7002EA72B /* Strings.swift */ = {isa = PBXFileReference; fileEncoding = 4; lastKnownFileType = sourcecode.swift; name = Strings.swift; path = constants/Strings.swift; sourceTree = "<group>"; };
		CDB895201AFE103700526103 /* UIBarButtonItemExtension.swift */ = {isa = PBXFileReference; fileEncoding = 4; lastKnownFileType = sourcecode.swift; name = UIBarButtonItemExtension.swift; path = extensions/UIBarButtonItemExtension.swift; sourceTree = "<group>"; };
		CDBAB21C1B25DE4600535DD2 /* GroupTableViewCell.swift */ = {isa = PBXFileReference; fileEncoding = 4; lastKnownFileType = sourcecode.swift; name = GroupTableViewCell.swift; path = views/GroupTableViewCell.swift; sourceTree = "<group>"; };
		CDBAB21E1B25DFBB00535DD2 /* TopicTableViewCell.swift */ = {isa = PBXFileReference; fileEncoding = 4; lastKnownFileType = sourcecode.swift; name = TopicTableViewCell.swift; path = views/TopicTableViewCell.swift; sourceTree = "<group>"; };
		CDC6E92A1AF3E9950037D999 /* LikeListViewController.swift */ = {isa = PBXFileReference; fileEncoding = 4; lastKnownFileType = sourcecode.swift; name = LikeListViewController.swift; path = controllers/LikeListViewController.swift; sourceTree = "<group>"; };
		CDC6E92B1AF3E9950037D999 /* LikeListViewController.xib */ = {isa = PBXFileReference; fileEncoding = 4; lastKnownFileType = file.xib; name = LikeListViewController.xib; path = controllers/LikeListViewController.xib; sourceTree = "<group>"; };
		CDC6E92E1AF3EEA50037D999 /* GroupEditViewController.swift */ = {isa = PBXFileReference; fileEncoding = 4; lastKnownFileType = sourcecode.swift; name = GroupEditViewController.swift; path = controllers/GroupEditViewController.swift; sourceTree = "<group>"; };
		CDC6E92F1AF3EEA50037D999 /* GroupEditViewController.xib */ = {isa = PBXFileReference; fileEncoding = 4; lastKnownFileType = file.xib; name = GroupEditViewController.xib; path = controllers/GroupEditViewController.xib; sourceTree = "<group>"; };
		CDC6E9321AF470D10037D999 /* BaseViewController.swift */ = {isa = PBXFileReference; fileEncoding = 4; lastKnownFileType = sourcecode.swift; name = BaseViewController.swift; path = constants/BaseViewController.swift; sourceTree = "<group>"; };
		CDD541D91AFDF8EF0076AECB /* ControllerTests.swift */ = {isa = PBXFileReference; fileEncoding = 4; lastKnownFileType = sourcecode.swift; path = ControllerTests.swift; sourceTree = "<group>"; };
		CDD541E61AFE04370076AECB /* Pods.framework */ = {isa = PBXFileReference; lastKnownFileType = wrapper.framework; name = Pods.framework; path = "Pods/../build/Debug-iphoneos/Pods.framework"; sourceTree = "<group>"; };
		CDD541E81AFE08FE0076AECB /* NotificationTableViewCell.swift */ = {isa = PBXFileReference; fileEncoding = 4; lastKnownFileType = sourcecode.swift; name = NotificationTableViewCell.swift; path = views/NotificationTableViewCell.swift; sourceTree = "<group>"; };
		CDD541E91AFE08FE0076AECB /* NotificationTableViewCell.xib */ = {isa = PBXFileReference; fileEncoding = 4; lastKnownFileType = file.xib; name = NotificationTableViewCell.xib; path = views/NotificationTableViewCell.xib; sourceTree = "<group>"; };
		CDD541EE1AFE0A620076AECB /* NotificationListViewController.swift */ = {isa = PBXFileReference; fileEncoding = 4; lastKnownFileType = sourcecode.swift; name = NotificationListViewController.swift; path = controllers/NotificationListViewController.swift; sourceTree = "<group>"; };
		CDD541EF1AFE0A620076AECB /* NotificationListViewController.xib */ = {isa = PBXFileReference; fileEncoding = 4; lastKnownFileType = file.xib; name = NotificationListViewController.xib; path = controllers/NotificationListViewController.xib; sourceTree = "<group>"; };
		CDD6A7591B4EDC2700266761 /* GroupColorListView.swift */ = {isa = PBXFileReference; fileEncoding = 4; lastKnownFileType = sourcecode.swift; name = GroupColorListView.swift; path = views/GroupColorListView.swift; sourceTree = "<group>"; };
		CDD6A75B1B4EDC3E00266761 /* GroupColorListView.xib */ = {isa = PBXFileReference; fileEncoding = 4; lastKnownFileType = file.xib; path = GroupColorListView.xib; sourceTree = "<group>"; };
		F577E2B0C29FE35D3C092FC5 /* Pods.debug.xcconfig */ = {isa = PBXFileReference; includeInIndex = 1; lastKnownFileType = text.xcconfig; name = Pods.debug.xcconfig; path = "Pods/Target Support Files/Pods/Pods.debug.xcconfig"; sourceTree = "<group>"; };
/* End PBXFileReference section */

/* Begin PBXFrameworksBuildPhase section */
		CD50289E1AF0792200D78FE5 /* Frameworks */ = {
			isa = PBXFrameworksBuildPhase;
			buildActionMask = 2147483647;
			files = (
				CD44F91A1AF1081100054661 /* libc++.dylib in Frameworks */,
				CD41C06C1B22F7C2003419D5 /* Crashlytics.framework in Frameworks */,
				CD44F9181AF107DC00054661 /* Realm.framework in Frameworks */,
				6D6B1328365FCB6158066126 /* Pods.framework in Frameworks */,
				CD41C06B1B22F7C2003419D5 /* Fabric.framework in Frameworks */,
			);
			runOnlyForDeploymentPostprocessing = 0;
		};
		CD5028B31AF0792300D78FE5 /* Frameworks */ = {
			isa = PBXFrameworksBuildPhase;
			buildActionMask = 2147483647;
			files = (
				CDD541E71AFE04370076AECB /* Pods.framework in Frameworks */,
			);
			runOnlyForDeploymentPostprocessing = 0;
		};
/* End PBXFrameworksBuildPhase section */

/* Begin PBXGroup section */
		3533AC7A5E2B7D3BACC9F6F1 /* Pods */ = {
			isa = PBXGroup;
			children = (
				F577E2B0C29FE35D3C092FC5 /* Pods.debug.xcconfig */,
				3F069925D5E9C1E28E0AF888 /* Pods.release.xcconfig */,
			);
			name = Pods;
			sourceTree = "<group>";
		};
		C8330C978483AAB57D2A1D54 /* Frameworks */ = {
			isa = PBXGroup;
			children = (
				CDD541E61AFE04370076AECB /* Pods.framework */,
				CD44F9191AF1081100054661 /* libc++.dylib */,
				C28EAAE0FA2F5509307D7AB9 /* Pods.framework */,
			);
			name = Frameworks;
			sourceTree = "<group>";
		};
		CD4473741AF47BD80032651E /* resources */ = {
			isa = PBXGroup;
			children = (
				CD4473751AF47C1B0032651E /* ask_ikyusan.png */,
			);
			name = resources;
			sourceTree = "<group>";
		};
		CD5028981AF0792200D78FE5 = {
			isa = PBXGroup;
			children = (
				CD41C0691B22F7C2003419D5 /* Fabric.framework */,
				CD41C06A1B22F7C2003419D5 /* Crashlytics.framework */,
				CD44F91B1AF1082A00054661 /* RLMSupport.swift */,
				CD44F9171AF107DC00054661 /* Realm.framework */,
				CD5028A31AF0792300D78FE5 /* Ikyusan */,
				CD5028B91AF0792300D78FE5 /* IkyusanTests */,
				CD5028A21AF0792300D78FE5 /* Products */,
				3533AC7A5E2B7D3BACC9F6F1 /* Pods */,
				C8330C978483AAB57D2A1D54 /* Frameworks */,
			);
			sourceTree = "<group>";
		};
		CD5028A21AF0792300D78FE5 /* Products */ = {
			isa = PBXGroup;
			children = (
				CD5028A11AF0792300D78FE5 /* Ikyusan.app */,
				CD5028B61AF0792300D78FE5 /* IkyusanTests.xctest */,
			);
			name = Products;
			sourceTree = "<group>";
		};
		CD5028A31AF0792300D78FE5 /* Ikyusan */ = {
			isa = PBXGroup;
			children = (
				CDB847831AF0C98E002EA72B /* constants */,
				CDB847681AF088D3002EA72B /* controllers */,
				CDB8476A1AF0893E002EA72B /* extensions */,
				CDB847691AF088ED002EA72B /* helpers */,
				CDB847671AF088C2002EA72B /* models */,
				CD4473741AF47BD80032651E /* resources */,
				CDB8476B1AF0897A002EA72B /* views */,
				CD5028A61AF0792300D78FE5 /* AppDelegate.swift */,
				CD5028A81AF0792300D78FE5 /* ViewController.swift */,
				CD4C988D1AF619A1009EC691 /* Globals.swift */,
				CD5028AA1AF0792300D78FE5 /* Main.storyboard */,
				CD5028AD1AF0792300D78FE5 /* Images.xcassets */,
				CD5028AF1AF0792300D78FE5 /* LaunchScreen.xib */,
				CD5028A41AF0792300D78FE5 /* Supporting Files */,
				CDB847631AF08718002EA72B /* Ikyusan-Bridging-Header.h */,
			);
			path = Ikyusan;
			sourceTree = "<group>";
		};
		CD5028A41AF0792300D78FE5 /* Supporting Files */ = {
			isa = PBXGroup;
			children = (
				CD5028A51AF0792300D78FE5 /* Info.plist */,
			);
			name = "Supporting Files";
			sourceTree = "<group>";
		};
		CD5028B91AF0792300D78FE5 /* IkyusanTests */ = {
			isa = PBXGroup;
			children = (
				CD5028BC1AF0792300D78FE5 /* IkyusanTests.swift */,
				CD5028BA1AF0792300D78FE5 /* Supporting Files */,
				CDD541D91AFDF8EF0076AECB /* ControllerTests.swift */,
			);
			path = IkyusanTests;
			sourceTree = "<group>";
		};
		CD5028BA1AF0792300D78FE5 /* Supporting Files */ = {
			isa = PBXGroup;
			children = (
				CD5028BB1AF0792300D78FE5 /* Info.plist */,
			);
			name = "Supporting Files";
			sourceTree = "<group>";
		};
		CDB847671AF088C2002EA72B /* models */ = {
			isa = PBXGroup;
			children = (
				CD4C987C1AF5D5C1009EC691 /* Group.swift */,
				CD4C987E1AF5E069009EC691 /* Member.swift */,
				CD4C98811AF5E14D009EC691 /* Idea.swift */,
				CD4C98831AF5E236009EC691 /* Like.swift */,
				CD4C98851AF5E2D8009EC691 /* Profile.swift */,
				CD4C98871AF5E48A009EC691 /* Topic.swift */,
				CD4C98891AF5E54C009EC691 /* User.swift */,
				CD173C311B217A6700CE1C9D /* Notification.swift */,
			);
			name = models;
			sourceTree = "<group>";
		};
		CDB847681AF088D3002EA72B /* controllers */ = {
			isa = PBXGroup;
			children = (
				CDC6E9321AF470D10037D999 /* BaseViewController.swift */,
				CD44737B1AF5309E0032651E /* AccountEditViewController.swift */,
				CD44737C1AF5309E0032651E /* AccountEditViewController.xib */,
				CDD541EE1AFE0A620076AECB /* NotificationListViewController.swift */,
				CDD541EF1AFE0A620076AECB /* NotificationListViewController.xib */,
				CDB8477D1AF0B0D2002EA72B /* GroupListViewController.swift */,
				CDB8477E1AF0B0D2002EA72B /* GroupListViewController.xib */,
				CD4C98911AF70D0D009EC691 /* GroupCreateViewController.swift */,
				CD4C98921AF70D0D009EC691 /* GroupCreateViewController.xib */,
				CDC6E92E1AF3EEA50037D999 /* GroupEditViewController.swift */,
				CDC6E92F1AF3EEA50037D999 /* GroupEditViewController.xib */,
				CDB8476C1AF08BD9002EA72B /* TopicListViewController.swift */,
				CDB8476D1AF08BD9002EA72B /* TopicListViewController.xib */,
				CDB847701AF08C18002EA72B /* TopicEditViewController.swift */,
				CDB847711AF08C18002EA72B /* TopicEditViewController.xib */,
				CDB847741AF08C45002EA72B /* IdeaListViewController.swift */,
				CDB847751AF08C45002EA72B /* IdeaListViewController.xib */,
				CDC6E92A1AF3E9950037D999 /* LikeListViewController.swift */,
				CDC6E92B1AF3E9950037D999 /* LikeListViewController.xib */,
			);
			name = controllers;
			sourceTree = "<group>";
		};
		CDB847691AF088ED002EA72B /* helpers */ = {
			isa = PBXGroup;
			children = (
				CD4C98781AF5D011009EC691 /* ApiHelper.swift */,
				CDAA02DF1AF7534100B1E3EC /* LikeHelper.swift */,
				CD4C987A1AF5D47A009EC691 /* AccountHelper.swift */,
				CD4811961B3E5808000D9912 /* ToastHelper.swift */,
			);
			name = helpers;
			sourceTree = "<group>";
		};
		CDB8476A1AF0893E002EA72B /* extensions */ = {
			isa = PBXGroup;
			children = (
				CDB847811AF0C8FC002EA72B /* UITableViewExtension.swift */,
				CDB895201AFE103700526103 /* UIBarButtonItemExtension.swift */,
				CD4C988F1AF6805D009EC691 /* UIViewExtension.swift */,
				CD7447821AF77F5A008BFBE2 /* StringExtension.swift */,
			);
			name = extensions;
			sourceTree = "<group>";
		};
		CDB8476B1AF0897A002EA72B /* views */ = {
			isa = PBXGroup;
			children = (
				CD4473701AF47ABC0032651E /* AskIdeaView.swift */,
				CD4473721AF47AE30032651E /* AskIdeaView.xib */,
				CDBAB21C1B25DE4600535DD2 /* GroupTableViewCell.swift */,
				CDD6A7591B4EDC2700266761 /* GroupColorListView.swift */,
				CDD6A75B1B4EDC3E00266761 /* GroupColorListView.xib */,
				CDBAB21E1B25DFBB00535DD2 /* TopicTableViewCell.swift */,
				CD4473771AF49B8A0032651E /* IdeaTableViewCell.swift */,
				CD4473781AF49B8A0032651E /* IdeaTableViewCell.xib */,
				CD4C98951AF710E8009EC691 /* TextInputTableViewCell.swift */,
				CD4C98961AF710E8009EC691 /* TextInputTableViewCell.xib */,
				CD4C98991AF711E8009EC691 /* InviteTableViewCell.swift */,
				CD4C989A1AF711E8009EC691 /* InviteTableViewCell.xib */,
				CDD541E81AFE08FE0076AECB /* NotificationTableViewCell.swift */,
				CDD541E91AFE08FE0076AECB /* NotificationTableViewCell.xib */,
			);
			name = views;
			sourceTree = "<group>";
		};
		CDB847831AF0C98E002EA72B /* constants */ = {
			isa = PBXGroup;
			children = (
				CDB847841AF0C9D7002EA72B /* Strings.swift */,
				CD04CDCA1AF3E06A004EB645 /* Colors.swift */,
				CD3CDD341B3E6436006F9DC4 /* Values.swift */,
			);
			name = constants;
			sourceTree = "<group>";
		};
/* End PBXGroup section */

/* Begin PBXNativeTarget section */
		CD5028A01AF0792200D78FE5 /* Ikyusan */ = {
			isa = PBXNativeTarget;
			buildConfigurationList = CD5028C01AF0792300D78FE5 /* Build configuration list for PBXNativeTarget "Ikyusan" */;
			buildPhases = (
				B73BF557BDB1B6DF31C209B5 /* Check Pods Manifest.lock */,
				CD50289D1AF0792200D78FE5 /* Sources */,
				CD50289E1AF0792200D78FE5 /* Frameworks */,
				CD50289F1AF0792200D78FE5 /* Resources */,
				122DC746F63F9B8982AD396A /* Copy Pods Resources */,
				BDFED0DA45E0A55470DD1DD3 /* Embed Pods Frameworks */,
				CD41C0681B22F6A9003419D5 /* ShellScript */,
			);
			buildRules = (
			);
			dependencies = (
			);
			name = Ikyusan;
			productName = Ikyusan;
			productReference = CD5028A11AF0792300D78FE5 /* Ikyusan.app */;
			productType = "com.apple.product-type.application";
		};
		CD5028B51AF0792300D78FE5 /* IkyusanTests */ = {
			isa = PBXNativeTarget;
			buildConfigurationList = CD5028C31AF0792300D78FE5 /* Build configuration list for PBXNativeTarget "IkyusanTests" */;
			buildPhases = (
				CD5028B21AF0792300D78FE5 /* Sources */,
				CD5028B31AF0792300D78FE5 /* Frameworks */,
				CD5028B41AF0792300D78FE5 /* Resources */,
			);
			buildRules = (
			);
			dependencies = (
				CD5028B81AF0792300D78FE5 /* PBXTargetDependency */,
			);
			name = IkyusanTests;
			productName = IkyusanTests;
			productReference = CD5028B61AF0792300D78FE5 /* IkyusanTests.xctest */;
			productType = "com.apple.product-type.bundle.unit-test";
		};
/* End PBXNativeTarget section */

/* Begin PBXProject section */
		CD5028991AF0792200D78FE5 /* Project object */ = {
			isa = PBXProject;
			attributes = {
				LastSwiftUpdateCheck = 0700;
				LastUpgradeCheck = 0630;
				ORGANIZATIONNAME = moguraproject;
				TargetAttributes = {
					CD5028A01AF0792200D78FE5 = {
						CreatedOnToolsVersion = 6.3;
					};
					CD5028B51AF0792300D78FE5 = {
						CreatedOnToolsVersion = 6.3;
						TestTargetID = CD5028A01AF0792200D78FE5;
					};
				};
			};
			buildConfigurationList = CD50289C1AF0792200D78FE5 /* Build configuration list for PBXProject "Ikyusan" */;
			compatibilityVersion = "Xcode 3.2";
			developmentRegion = English;
			hasScannedForEncodings = 0;
			knownRegions = (
				en,
				Base,
			);
			mainGroup = CD5028981AF0792200D78FE5;
			productRefGroup = CD5028A21AF0792300D78FE5 /* Products */;
			projectDirPath = "";
			projectRoot = "";
			targets = (
				CD5028A01AF0792200D78FE5 /* Ikyusan */,
				CD5028B51AF0792300D78FE5 /* IkyusanTests */,
			);
		};
/* End PBXProject section */

/* Begin PBXResourcesBuildPhase section */
		CD50289F1AF0792200D78FE5 /* Resources */ = {
			isa = PBXResourcesBuildPhase;
			buildActionMask = 2147483647;
			files = (
				CD5028AC1AF0792300D78FE5 /* Main.storyboard in Resources */,
				CDC6E9311AF3EEA50037D999 /* GroupEditViewController.xib in Resources */,
				CD4473761AF47C1B0032651E /* ask_ikyusan.png in Resources */,
				CD4C98981AF710E8009EC691 /* TextInputTableViewCell.xib in Resources */,
				CDD541F21AFE0A620076AECB /* NotificationListViewController.xib in Resources */,
				CDB847771AF08C45002EA72B /* IdeaListViewController.xib in Resources */,
				CDD6A75C1B4EDC3E00266761 /* GroupColorListView.xib in Resources */,
				CDC6E92D1AF3E9950037D999 /* LikeListViewController.xib in Resources */,
				CD4C989C1AF711E8009EC691 /* InviteTableViewCell.xib in Resources */,
				CDB847731AF08C18002EA72B /* TopicEditViewController.xib in Resources */,
				CDD541EC1AFE08FE0076AECB /* NotificationTableViewCell.xib in Resources */,
				CD44737E1AF5309E0032651E /* AccountEditViewController.xib in Resources */,
				CD4C98941AF70D0D009EC691 /* GroupCreateViewController.xib in Resources */,
				CD44737A1AF49B8A0032651E /* IdeaTableViewCell.xib in Resources */,
				CDB847801AF0B0D2002EA72B /* GroupListViewController.xib in Resources */,
				CD5028B11AF0792300D78FE5 /* LaunchScreen.xib in Resources */,
				CDB8476F1AF08BD9002EA72B /* TopicListViewController.xib in Resources */,
				CD4473731AF47AE30032651E /* AskIdeaView.xib in Resources */,
				CD5028AE1AF0792300D78FE5 /* Images.xcassets in Resources */,
			);
			runOnlyForDeploymentPostprocessing = 0;
		};
		CD5028B41AF0792300D78FE5 /* Resources */ = {
			isa = PBXResourcesBuildPhase;
			buildActionMask = 2147483647;
			files = (
				CDD541F31AFE0A620076AECB /* NotificationListViewController.xib in Resources */,
				CDD541ED1AFE08FE0076AECB /* NotificationTableViewCell.xib in Resources */,
			);
			runOnlyForDeploymentPostprocessing = 0;
		};
/* End PBXResourcesBuildPhase section */

/* Begin PBXShellScriptBuildPhase section */
		122DC746F63F9B8982AD396A /* Copy Pods Resources */ = {
			isa = PBXShellScriptBuildPhase;
			buildActionMask = 2147483647;
			files = (
			);
			inputPaths = (
			);
			name = "Copy Pods Resources";
			outputPaths = (
			);
			runOnlyForDeploymentPostprocessing = 0;
			shellPath = /bin/sh;
			shellScript = "\"${SRCROOT}/Pods/Target Support Files/Pods/Pods-resources.sh\"\n";
			showEnvVarsInLog = 0;
		};
		B73BF557BDB1B6DF31C209B5 /* Check Pods Manifest.lock */ = {
			isa = PBXShellScriptBuildPhase;
			buildActionMask = 2147483647;
			files = (
			);
			inputPaths = (
			);
			name = "Check Pods Manifest.lock";
			outputPaths = (
			);
			runOnlyForDeploymentPostprocessing = 0;
			shellPath = /bin/sh;
			shellScript = "diff \"${PODS_ROOT}/../Podfile.lock\" \"${PODS_ROOT}/Manifest.lock\" > /dev/null\nif [[ $? != 0 ]] ; then\n    cat << EOM\nerror: The sandbox is not in sync with the Podfile.lock. Run 'pod install' or update your CocoaPods installation.\nEOM\n    exit 1\nfi\n";
			showEnvVarsInLog = 0;
		};
		BDFED0DA45E0A55470DD1DD3 /* Embed Pods Frameworks */ = {
			isa = PBXShellScriptBuildPhase;
			buildActionMask = 2147483647;
			files = (
			);
			inputPaths = (
			);
			name = "Embed Pods Frameworks";
			outputPaths = (
			);
			runOnlyForDeploymentPostprocessing = 0;
			shellPath = /bin/sh;
			shellScript = "\"${SRCROOT}/Pods/Target Support Files/Pods/Pods-frameworks.sh\"\n";
			showEnvVarsInLog = 0;
		};
		CD41C0681B22F6A9003419D5 /* ShellScript */ = {
			isa = PBXShellScriptBuildPhase;
			buildActionMask = 2147483647;
			files = (
			);
			inputPaths = (
			);
			outputPaths = (
			);
			runOnlyForDeploymentPostprocessing = 0;
			shellPath = /bin/sh;
			shellScript = "./Fabric.framework/run eabe2e02ed0e2cc1a3959d1bbb5addf159d0ca33 4ea2f70833ad7cc29b86e8007b3dedeca00ae93c50c5e272641ac7836dca8364";
		};
/* End PBXShellScriptBuildPhase section */

/* Begin PBXSourcesBuildPhase section */
		CD50289D1AF0792200D78FE5 /* Sources */ = {
			isa = PBXSourcesBuildPhase;
			buildActionMask = 2147483647;
			files = (
				CD4C988A1AF5E54C009EC691 /* User.swift in Sources */,
				CD3CDD351B3E6436006F9DC4 /* Values.swift in Sources */,
				CDD6A75A1B4EDC2700266761 /* GroupColorListView.swift in Sources */,
				CDB847721AF08C18002EA72B /* TopicEditViewController.swift in Sources */,
				CD04CDCB1AF3E06A004EB645 /* Colors.swift in Sources */,
				CDB847851AF0C9D7002EA72B /* Strings.swift in Sources */,
				CD4C987D1AF5D5C1009EC691 /* Group.swift in Sources */,
				CDD541F01AFE0A620076AECB /* NotificationListViewController.swift in Sources */,
				CDC6E9301AF3EEA50037D999 /* GroupEditViewController.swift in Sources */,
				CD4811971B3E5808000D9912 /* ToastHelper.swift in Sources */,
				CD4C989B1AF711E8009EC691 /* InviteTableViewCell.swift in Sources */,
				CD4C98861AF5E2D8009EC691 /* Profile.swift in Sources */,
				CD4C98881AF5E48A009EC691 /* Topic.swift in Sources */,
				CDC6E92C1AF3E9950037D999 /* LikeListViewController.swift in Sources */,
				CDC6E9331AF470D10037D999 /* BaseViewController.swift in Sources */,
				CD5028A91AF0792300D78FE5 /* ViewController.swift in Sources */,
				CDBAB21D1B25DE4600535DD2 /* GroupTableViewCell.swift in Sources */,
				CD4C988E1AF619A1009EC691 /* Globals.swift in Sources */,
				CD4C98931AF70D0D009EC691 /* GroupCreateViewController.swift in Sources */,
				CDB847761AF08C45002EA72B /* IdeaListViewController.swift in Sources */,
				CD4C987B1AF5D47A009EC691 /* AccountHelper.swift in Sources */,
				CD173C321B217A6700CE1C9D /* Notification.swift in Sources */,
				CDAA02E01AF7534100B1E3EC /* LikeHelper.swift in Sources */,
				CD44737D1AF5309E0032651E /* AccountEditViewController.swift in Sources */,
				CD4473791AF49B8A0032651E /* IdeaTableViewCell.swift in Sources */,
				CDB895211AFE103700526103 /* UIBarButtonItemExtension.swift in Sources */,
				CDB847821AF0C8FC002EA72B /* UITableViewExtension.swift in Sources */,
				CD7447831AF77F5A008BFBE2 /* StringExtension.swift in Sources */,
				CD4C98841AF5E236009EC691 /* Like.swift in Sources */,
				CD4C98901AF6805D009EC691 /* UIViewExtension.swift in Sources */,
				CDBAB21F1B25DFBB00535DD2 /* TopicTableViewCell.swift in Sources */,
				CDD541EA1AFE08FE0076AECB /* NotificationTableViewCell.swift in Sources */,
				CD4C98821AF5E14D009EC691 /* Idea.swift in Sources */,
				CD4C98791AF5D011009EC691 /* ApiHelper.swift in Sources */,
				CD4473711AF47ABC0032651E /* AskIdeaView.swift in Sources */,
				CD5028A71AF0792300D78FE5 /* AppDelegate.swift in Sources */,
				CD4C98971AF710E8009EC691 /* TextInputTableViewCell.swift in Sources */,
				CD44F91C1AF1082A00054661 /* RLMSupport.swift in Sources */,
				CDB8476E1AF08BD9002EA72B /* TopicListViewController.swift in Sources */,
				CD4C987F1AF5E069009EC691 /* Member.swift in Sources */,
				CDB8477F1AF0B0D2002EA72B /* GroupListViewController.swift in Sources */,
			);
			runOnlyForDeploymentPostprocessing = 0;
		};
		CD5028B21AF0792300D78FE5 /* Sources */ = {
			isa = PBXSourcesBuildPhase;
			buildActionMask = 2147483647;
			files = (
				CD5028BD1AF0792300D78FE5 /* IkyusanTests.swift in Sources */,
				CDD541E21AFDFDD00076AECB /* StringExtension.swift in Sources */,
				CDD541E11AFDFC3F0076AECB /* Colors.swift in Sources */,
				CDD541DF1AFDFC2A0076AECB /* BaseViewController.swift in Sources */,
				CDD541E01AFDFC3D0076AECB /* Strings.swift in Sources */,
				CDD541E41AFDFDD50076AECB /* UITableViewExtension.swift in Sources */,
				CDD541E31AFDFDD30076AECB /* UIViewExtension.swift in Sources */,
				CDD541E51AFDFDE60076AECB /* Globals.swift in Sources */,
				CDD541DA1AFDF8EF0076AECB /* ControllerTests.swift in Sources */,
				CDD541EB1AFE08FE0076AECB /* NotificationTableViewCell.swift in Sources */,
			);
			runOnlyForDeploymentPostprocessing = 0;
		};
/* End PBXSourcesBuildPhase section */

/* Begin PBXTargetDependency section */
		CD5028B81AF0792300D78FE5 /* PBXTargetDependency */ = {
			isa = PBXTargetDependency;
			target = CD5028A01AF0792200D78FE5 /* Ikyusan */;
			targetProxy = CD5028B71AF0792300D78FE5 /* PBXContainerItemProxy */;
		};
/* End PBXTargetDependency section */

/* Begin PBXVariantGroup section */
		CD5028AA1AF0792300D78FE5 /* Main.storyboard */ = {
			isa = PBXVariantGroup;
			children = (
				CD5028AB1AF0792300D78FE5 /* Base */,
			);
			name = Main.storyboard;
			sourceTree = "<group>";
		};
		CD5028AF1AF0792300D78FE5 /* LaunchScreen.xib */ = {
			isa = PBXVariantGroup;
			children = (
				CD5028B01AF0792300D78FE5 /* Base */,
			);
			name = LaunchScreen.xib;
			sourceTree = "<group>";
		};
/* End PBXVariantGroup section */

/* Begin XCBuildConfiguration section */
		CD5028BE1AF0792300D78FE5 /* Debug */ = {
			isa = XCBuildConfiguration;
			buildSettings = {
				ALWAYS_SEARCH_USER_PATHS = NO;
				CLANG_CXX_LANGUAGE_STANDARD = "gnu++0x";
				CLANG_CXX_LIBRARY = "libc++";
				CLANG_ENABLE_MODULES = YES;
				CLANG_ENABLE_OBJC_ARC = YES;
				CLANG_WARN_BOOL_CONVERSION = YES;
				CLANG_WARN_CONSTANT_CONVERSION = YES;
				CLANG_WARN_DIRECT_OBJC_ISA_USAGE = YES_ERROR;
				CLANG_WARN_EMPTY_BODY = YES;
				CLANG_WARN_ENUM_CONVERSION = YES;
				CLANG_WARN_INT_CONVERSION = YES;
				CLANG_WARN_OBJC_ROOT_CLASS = YES_ERROR;
				CLANG_WARN_UNREACHABLE_CODE = YES;
				CLANG_WARN__DUPLICATE_METHOD_MATCH = YES;
				"CODE_SIGN_IDENTITY[sdk=iphoneos*]" = "iPhone Developer";
				COPY_PHASE_STRIP = NO;
				DEBUG_INFORMATION_FORMAT = "dwarf-with-dsym";
				ENABLE_STRICT_OBJC_MSGSEND = YES;
				GCC_C_LANGUAGE_STANDARD = gnu99;
				GCC_DYNAMIC_NO_PIC = NO;
				GCC_NO_COMMON_BLOCKS = YES;
				GCC_OPTIMIZATION_LEVEL = 0;
				GCC_PREPROCESSOR_DEFINITIONS = (
					"DEBUG=1",
					"$(inherited)",
				);
				GCC_SYMBOLS_PRIVATE_EXTERN = NO;
				GCC_WARN_64_TO_32_BIT_CONVERSION = YES;
				GCC_WARN_ABOUT_RETURN_TYPE = YES_ERROR;
				GCC_WARN_UNDECLARED_SELECTOR = YES;
				GCC_WARN_UNINITIALIZED_AUTOS = YES_AGGRESSIVE;
				GCC_WARN_UNUSED_FUNCTION = YES;
				GCC_WARN_UNUSED_VARIABLE = YES;
				IPHONEOS_DEPLOYMENT_TARGET = 8.0;
				MTL_ENABLE_DEBUG_INFO = YES;
				ONLY_ACTIVE_ARCH = YES;
				PROVISIONING_PROFILE = "";
				SDKROOT = iphoneos;
				SWIFT_OBJC_BRIDGING_HEADER = "";
				SWIFT_OPTIMIZATION_LEVEL = "-Onone";
			};
			name = Debug;
		};
		CD5028BF1AF0792300D78FE5 /* Release */ = {
			isa = XCBuildConfiguration;
			buildSettings = {
				ALWAYS_SEARCH_USER_PATHS = NO;
				CLANG_CXX_LANGUAGE_STANDARD = "gnu++0x";
				CLANG_CXX_LIBRARY = "libc++";
				CLANG_ENABLE_MODULES = YES;
				CLANG_ENABLE_OBJC_ARC = YES;
				CLANG_WARN_BOOL_CONVERSION = YES;
				CLANG_WARN_CONSTANT_CONVERSION = YES;
				CLANG_WARN_DIRECT_OBJC_ISA_USAGE = YES_ERROR;
				CLANG_WARN_EMPTY_BODY = YES;
				CLANG_WARN_ENUM_CONVERSION = YES;
				CLANG_WARN_INT_CONVERSION = YES;
				CLANG_WARN_OBJC_ROOT_CLASS = YES_ERROR;
				CLANG_WARN_UNREACHABLE_CODE = YES;
				CLANG_WARN__DUPLICATE_METHOD_MATCH = YES;
				"CODE_SIGN_IDENTITY[sdk=iphoneos*]" = "iPhone Developer";
				COPY_PHASE_STRIP = NO;
				DEBUG_INFORMATION_FORMAT = "dwarf-with-dsym";
				ENABLE_NS_ASSERTIONS = NO;
				ENABLE_STRICT_OBJC_MSGSEND = YES;
				GCC_C_LANGUAGE_STANDARD = gnu99;
				GCC_NO_COMMON_BLOCKS = YES;
				GCC_WARN_64_TO_32_BIT_CONVERSION = YES;
				GCC_WARN_ABOUT_RETURN_TYPE = YES_ERROR;
				GCC_WARN_UNDECLARED_SELECTOR = YES;
				GCC_WARN_UNINITIALIZED_AUTOS = YES_AGGRESSIVE;
				GCC_WARN_UNUSED_FUNCTION = YES;
				GCC_WARN_UNUSED_VARIABLE = YES;
				IPHONEOS_DEPLOYMENT_TARGET = 8.0;
				MTL_ENABLE_DEBUG_INFO = NO;
				PROVISIONING_PROFILE = "";
				SDKROOT = iphoneos;
				SWIFT_OBJC_BRIDGING_HEADER = "";
				VALIDATE_PRODUCT = YES;
			};
			name = Release;
		};
		CD5028C11AF0792300D78FE5 /* Debug */ = {
			isa = XCBuildConfiguration;
			baseConfigurationReference = F577E2B0C29FE35D3C092FC5 /* Pods.debug.xcconfig */;
			buildSettings = {
				ASSETCATALOG_COMPILER_APPICON_NAME = AppIcon;
				CLANG_ENABLE_MODULES = YES;
				CODE_SIGN_IDENTITY = "iPhone Developer";
				"CODE_SIGN_IDENTITY[sdk=iphoneos*]" = "iPhone Developer";
				FRAMEWORK_SEARCH_PATHS = (
					"$(inherited)",
					"$(PROJECT_DIR)",
				);
				INFOPLIST_FILE = Ikyusan/Info.plist;
				LD_RUNPATH_SEARCH_PATHS = "$(inherited) @executable_path/Frameworks";
				ONLY_ACTIVE_ARCH = YES;
				PRODUCT_NAME = "$(TARGET_NAME)";
				PROVISIONING_PROFILE = "";
				SWIFT_OBJC_BRIDGING_HEADER = "";
				SWIFT_OPTIMIZATION_LEVEL = "-Onone";
			};
			name = Debug;
		};
		CD5028C21AF0792300D78FE5 /* Release */ = {
			isa = XCBuildConfiguration;
			baseConfigurationReference = 3F069925D5E9C1E28E0AF888 /* Pods.release.xcconfig */;
			buildSettings = {
				ASSETCATALOG_COMPILER_APPICON_NAME = AppIcon;
				CLANG_ENABLE_MODULES = YES;
				CODE_SIGN_IDENTITY = "iPhone Developer";
				"CODE_SIGN_IDENTITY[sdk=iphoneos*]" = "iPhone Developer";
				FRAMEWORK_SEARCH_PATHS = (
					"$(inherited)",
					"$(PROJECT_DIR)",
				);
				INFOPLIST_FILE = Ikyusan/Info.plist;
				LD_RUNPATH_SEARCH_PATHS = "$(inherited) @executable_path/Frameworks";
				PRODUCT_NAME = "$(TARGET_NAME)";
				PROVISIONING_PROFILE = "";
				SWIFT_OBJC_BRIDGING_HEADER = "";
			};
			name = Release;
		};
		CD5028C41AF0792300D78FE5 /* Debug */ = {
			isa = XCBuildConfiguration;
			baseConfigurationReference = F577E2B0C29FE35D3C092FC5 /* Pods.debug.xcconfig */;
			buildSettings = {
				BUNDLE_LOADER = "$(TEST_HOST)";
				CODE_SIGN_IDENTITY = "iPhone Developer";
				"CODE_SIGN_IDENTITY[sdk=iphoneos*]" = "iPhone Developer";
				FRAMEWORK_SEARCH_PATHS = (
					"$(SDKROOT)/Developer/Library/Frameworks",
					"$(inherited)",
					"$(PROJECT_DIR)/build/Debug-iphoneos",
				);
				GCC_PREPROCESSOR_DEFINITIONS = (
					"DEBUG=1",
					"$(inherited)",
				);
				INFOPLIST_FILE = IkyusanTests/Info.plist;
				LD_RUNPATH_SEARCH_PATHS = "$(inherited) @executable_path/Frameworks @loader_path/Frameworks";
				PRODUCT_NAME = "$(TARGET_NAME)";
				PROVISIONING_PROFILE = "";
				SWIFT_OBJC_BRIDGING_HEADER = "";
				TEST_HOST = "$(BUILT_PRODUCTS_DIR)/Ikyusan.app/Ikyusan";
			};
			name = Debug;
		};
		CD5028C51AF0792300D78FE5 /* Release */ = {
			isa = XCBuildConfiguration;
			baseConfigurationReference = 3F069925D5E9C1E28E0AF888 /* Pods.release.xcconfig */;
			buildSettings = {
				BUNDLE_LOADER = "$(TEST_HOST)";
				CODE_SIGN_IDENTITY = "iPhone Developer";
				"CODE_SIGN_IDENTITY[sdk=iphoneos*]" = "iPhone Developer";
				FRAMEWORK_SEARCH_PATHS = (
					"$(SDKROOT)/Developer/Library/Frameworks",
					"$(inherited)",
					"$(PROJECT_DIR)/build/Debug-iphoneos",
				);
				INFOPLIST_FILE = IkyusanTests/Info.plist;
				LD_RUNPATH_SEARCH_PATHS = "$(inherited) @executable_path/Frameworks @loader_path/Frameworks";
				PRODUCT_NAME = "$(TARGET_NAME)";
				PROVISIONING_PROFILE = "";
				SWIFT_OBJC_BRIDGING_HEADER = "";
				TEST_HOST = "$(BUILT_PRODUCTS_DIR)/Ikyusan.app/Ikyusan";
			};
			name = Release;
		};
/* End XCBuildConfiguration section */

/* Begin XCConfigurationList section */
		CD50289C1AF0792200D78FE5 /* Build configuration list for PBXProject "Ikyusan" */ = {
			isa = XCConfigurationList;
			buildConfigurations = (
				CD5028BE1AF0792300D78FE5 /* Debug */,
				CD5028BF1AF0792300D78FE5 /* Release */,
			);
			defaultConfigurationIsVisible = 0;
			defaultConfigurationName = Release;
		};
		CD5028C01AF0792300D78FE5 /* Build configuration list for PBXNativeTarget "Ikyusan" */ = {
			isa = XCConfigurationList;
			buildConfigurations = (
				CD5028C11AF0792300D78FE5 /* Debug */,
				CD5028C21AF0792300D78FE5 /* Release */,
			);
			defaultConfigurationIsVisible = 0;
			defaultConfigurationName = Release;
		};
		CD5028C31AF0792300D78FE5 /* Build configuration list for PBXNativeTarget "IkyusanTests" */ = {
			isa = XCConfigurationList;
			buildConfigurations = (
				CD5028C41AF0792300D78FE5 /* Debug */,
				CD5028C51AF0792300D78FE5 /* Release */,
			);
			defaultConfigurationIsVisible = 0;
			defaultConfigurationName = Release;
		};
/* End XCConfigurationList section */
	};
	rootObject = CD5028991AF0792200D78FE5 /* Project object */;
}
